dependencies:
- name: cloudnative-pg
  repository: https://cloudnative-pg.github.io/charts
  version: 0.21.6
- name: redis-ha
  repository: https://dandydeveloper.github.io/charts
  version: 4.35.5
- name: nats
  repository: https://nats-io.github.io/k8s/helm/charts/
  version: 1.2.11
- name: qdrant
  repository: https://qdrant.github.io/qdrant-helm
  version: 0.8.5
- name: minio
  repository: https://charts.min.io/
  version: 5.2.0
digest: sha256:461e6c21e5502a31926c6f0aea67e131dfa02f83cd242d30878b9b1a22be0509
generated: "2026-01-12T09:43:12.874803768-05:00"
